lockfileVersion: '9.0'

settings:
  autoInstallPeers: true
  excludeLinksFromLockfile: false

importers:

  .:
    dependencies:
      '@angular/animations':
        specifier: ^21.0.3
        version: 21.0.3(@angular/core@20.3.14(rxjs@7.8.2))
      '@ngrx/store-devtools':
        specifier: ^20.1.0
        version: 20.1.0(@angular/core@20.3.14(rxjs@7.8.2))(@ngrx/store@20.1.0(@angular/core@20.3.14(rxjs@7.8.2))(rxjs@7.8.2))(rxjs@7.8.2)
      sweetalert2:
        specifier: ^11.26.3
        version: 11.26.3
      uuid:
        specifier: ^13.0.0
        version: 13.0.0
    devDependencies:
      '@types/jasmine':
        specifier: ^5.1.13
        version: 5.1.13
      '@types/uuid':
        specifier: ^11.0.0
        version: 11.0.0

packages:

  '@angular/animations@21.0.3':
    resolution: {integrity: sha512-iuf/ss/8nabJg4QgEVBQQ0LAiyjo+XYUjxcuvvUELKLVw6xc2W+3p4gsWJsBjyGeaYUfFtIg9atArzlt/XFU7g==}
    engines: {node: ^20.19.0 || ^22.12.0 || >=24.0.0}
    peerDependencies:
      '@angular/core': 21.0.3

  '@angular/core@20.3.14':
    resolution: {integrity: sha512-rpyEbhWF6Fj/xI9IvNLZh5QBUYnoXuF7vX54CCtyQ2MHALxRR/aa1WRxjRM96cF2OqodQ/Gj3oYW8ei8hlBh4w==}
    engines: {node: ^20.19.0 || ^22.12.0 || >=24.0.0}
    peerDependencies:
      '@angular/compiler': 20.3.14
      rxjs: ^6.5.3 || ^7.4.0
      zone.js: ~0.15.0
    peerDependenciesMeta:
      '@angular/compiler':
        optional: true
      zone.js:
        optional: true

  '@ngrx/store-devtools@20.1.0':
    resolution: {integrity: sha512-4N6X/uAfjiCFcuauX2gG+6TnDAuixrfMfUVebLYvifLkrDmqDO8lbeH+Lhk3EVGnpUih4yJiCaU437awVyKckw==}
    peerDependencies:
      '@angular/core': ^20.0.0
      '@ngrx/store': 20.1.0
      rxjs: ^6.5.3 || ^7.5.0

  '@ngrx/store@20.1.0':
    resolution: {integrity: sha512-o8j3CGAGedm+BIb+QDhNXrVaU//n9uF0wH0HZWtXHmW1mjRBaQiUA+ZPMUkDwAeN8KuOcoIEC+2QUXxXGVI7ow==}
    peerDependencies:
      '@angular/core': ^20.0.0
      rxjs: ^6.5.3 || ^7.5.0

  '@types/jasmine@5.1.13':
    resolution: {integrity: sha512-MYCcDkruFc92LeYZux5BC0dmqo2jk+M5UIZ4/oFnAPCXN9mCcQhLyj7F3/Za7rocVyt5YRr1MmqJqFlvQ9LVcg==}

  '@types/uuid@11.0.0':
    resolution: {integrity: sha512-HVyk8nj2m+jcFRNazzqyVKiZezyhDKrGUA3jlEcg/nZ6Ms+qHwocba1Y/AaVaznJTAM9xpdFSh+ptbNrhOGvZA==}
    deprecated: This is a stub types definition. uuid provides its own type definitions, so you do not need this installed.

  rxjs@7.8.2:
    resolution: {integrity: sha512-dhKf903U/PQZY6boNNtAGdWbG85WAbjT/1xYoZIC7FAY0yWapOBQVsVrDl58W86//e1VpMNBtRV4MaXfdMySFA==}

  sweetalert2@11.26.3:
    resolution: {integrity: sha512-VU0hGw/WfI9h7Mh+SCsDlWgtxDwWZ6ccqS7QcO8zEeWnwplN1GptcLstq76OluUBSLUza6ldvKd3558OhjpJ9A==}

  tslib@2.8.1:
    resolution: {integrity: sha512-oJFu94HQb+KVduSUQL7wnpmqnfmLsOA/nAh6b6EH0wCEoK0/mPeXU6c3wKDV83MkOuHPRHtSXKKU99IBazS/2w==}

  uuid@13.0.0:
    resolution: {integrity: sha512-XQegIaBTVUjSHliKqcnFqYypAd4S+WCYt5NIeRs6w/UAry7z8Y9j5ZwRRL4kzq9U3sD6v+85er9FvkEaBpji2w==}
    hasBin: true

snapshots:

  '@angular/animations@21.0.3(@angular/core@20.3.14(rxjs@7.8.2))':
    dependencies:
      '@angular/core': 20.3.14(rxjs@7.8.2)
      tslib: 2.8.1

  '@angular/core@20.3.14(rxjs@7.8.2)':
    dependencies:
      rxjs: 7.8.2
      tslib: 2.8.1

  '@ngrx/store-devtools@20.1.0(@angular/core@20.3.14(rxjs@7.8.2))(@ngrx/store@20.1.0(@angular/core@20.3.14(rxjs@7.8.2))(rxjs@7.8.2))(rxjs@7.8.2)':
    dependencies:
      '@angular/core': 20.3.14(rxjs@7.8.2)
      '@ngrx/store': 20.1.0(@angular/core@20.3.14(rxjs@7.8.2))(rxjs@7.8.2)
      rxjs: 7.8.2
      tslib: 2.8.1

  '@ngrx/store@20.1.0(@angular/core@20.3.14(rxjs@7.8.2))(rxjs@7.8.2)':
    dependencies:
      '@angular/core': 20.3.14(rxjs@7.8.2)
      rxjs: 7.8.2
      tslib: 2.8.1

  '@types/jasmine@5.1.13': {}

  '@types/uuid@11.0.0':
    dependencies:
      uuid: 13.0.0

  rxjs@7.8.2:
    dependencies:
      tslib: 2.8.1

  sweetalert2@11.26.3: {}

  tslib@2.8.1: {}

  uuid@13.0.0: {}
